Microsoft Visual Studio Solution File, Format Version 8.00
Project("{FAE04EC0-301F-11D3-BF4B-00C04F79EFBC}") = "LEVANTAMENTO_DE_REQUISITOS", "LEVANTAMENTO_DE_REQUISITOS.csproj", "{073C1826-26EC-4B05-89DF-1CBD6FBBD1F5}"
EndProject
Global
	GlobalSection(SolutionConfiguration) = preSolution
		ConfigName.0 = Debug
		ConfigName.1 = Release
	EndGlobalSection
	GlobalSection(ProjectDependencies) = postSolution
	EndGlobalSection
	GlobalSection(ProjectConfiguration) = postSolution
		{073C1826-26EC-4B05-89DF-1CBD6FBBD1F5}.Debug.ActiveCfg = Debug|.NET
		{073C1826-26EC-4B05-89DF-1CBD6FBBD1F5}.Debug.Build.0 = Debug|.NET
		{073C1826-26EC-4B05-89DF-1CBD6FBBD1F5}.Release.ActiveCfg = Release|.NET
		{073C1826-26EC-4B05-89DF-1CBD6FBBD1F5}.Release.Build.0 = Release|.NET
	EndGlobalSection
	GlobalSection(ExtensibilityGlobals) = postSolution
	EndGlobalSection
	GlobalSection(ExtensibilityAddIns) = postSolution
	EndGlobalSection
EndGlobal